// !$*UTF8*$!
{
	archiveVersion = 1;
	classes = {
	};
	objectVersion = 48;
	objects = {

/* Begin PBXBuildFile section */
		06F43C4B51DBAB7627C4A26D /* libPods-NetworkModule.a in Frameworks */ = {isa = PBXBuildFile; fileRef = 83F9AF6DC77D85699BFF5872 /* libPods-NetworkModule.a */; };
		770953A920D003420002FD79 /* XXXBaseRequest.m in Sources */ = {isa = PBXBuildFile; fileRef = 770953A820D003420002FD79 /* XXXBaseRequest.m */; };
		77275AEB206FCDFD001D0C4E /* BaseService.m in Sources */ = {isa = PBXBuildFile; fileRef = 77275AEA206FCDFD001D0C4E /* BaseService.m */; };
		772E92AC20270E93008E30F1 /* XXAPIClient.m in Sources */ = {isa = PBXBuildFile; fileRef = 772E92AB20270E93008E30F1 /* XXAPIClient.m */; };
		772E92B0202726E0008E30F1 /* ZTempViewController.m in Sources */ = {isa = PBXBuildFile; fileRef = 772E92AF202726E0008E30F1 /* ZTempViewController.m */; };
		772E92B32027313F008E30F1 /* UserService.m in Sources */ = {isa = PBXBuildFile; fileRef = 772E92B22027313F008E30F1 /* UserService.m */; };
		77456D222029E7950060B4FF /* ZBaseViewController.m in Sources */ = {isa = PBXBuildFile; fileRef = 77456D212029E7950060B4FF /* ZBaseViewController.m */; };
		77756BC220879D3400A5EEEE /* NSString+XXXRequest.m in Sources */ = {isa = PBXBuildFile; fileRef = 77756BC120879D3400A5EEEE /* NSString+XXXRequest.m */; };
		7787CFE520D80D02008CDFF7 /* XXXNetworkUtils.m in Sources */ = {isa = PBXBuildFile; fileRef = 7787CFE420D80D02008CDFF7 /* XXXNetworkUtils.m */; };
		77B1F9472070C0F000F6A15E /* TestRequestObj.m in Sources */ = {isa = PBXBuildFile; fileRef = 77B1F9462070C0F000F6A15E /* TestRequestObj.m */; };
		77D8BC8020D69CBB0063BB34 /* XXXCacheFilesManager.m in Sources */ = {isa = PBXBuildFile; fileRef = 77D8BC7F20D69CBB0063BB34 /* XXXCacheFilesManager.m */; };
		77D8BC8320D6A6EC0063BB34 /* XXXFilesUtils.m in Sources */ = {isa = PBXBuildFile; fileRef = 77D8BC8220D6A6EC0063BB34 /* XXXFilesUtils.m */; };
		77D8BC8620D6A7600063BB34 /* XXXCacheMetadata.m in Sources */ = {isa = PBXBuildFile; fileRef = 77D8BC8520D6A7600063BB34 /* XXXCacheMetadata.m */; };
		77DC07D42028855200F2CA09 /* configDomainDatas.plist in Resources */ = {isa = PBXBuildFile; fileRef = 77DC07D32028855200F2CA09 /* configDomainDatas.plist */; };
		77F5EF6920249D8800DD9194 /* AppDelegate.m in Sources */ = {isa = PBXBuildFile; fileRef = 77F5EF6820249D8800DD9194 /* AppDelegate.m */; };
		77F5EF6C20249D8800DD9194 /* ViewController.m in Sources */ = {isa = PBXBuildFile; fileRef = 77F5EF6B20249D8800DD9194 /* ViewController.m */; };
		77F5EF6F20249D8800DD9194 /* Main.storyboard in Resources */ = {isa = PBXBuildFile; fileRef = 77F5EF6D20249D8800DD9194 /* Main.storyboard */; };
		77F5EF7120249D8800DD9194 /* Assets.xcassets in Resources */ = {isa = PBXBuildFile; fileRef = 77F5EF7020249D8800DD9194 /* Assets.xcassets */; };
		77F5EF7420249D8800DD9194 /* LaunchScreen.storyboard in Resources */ = {isa = PBXBuildFile; fileRef = 77F5EF7220249D8800DD9194 /* LaunchScreen.storyboard */; };
		77F5EF7720249D8800DD9194 /* main.m in Sources */ = {isa = PBXBuildFile; fileRef = 77F5EF7620249D8800DD9194 /* main.m */; };
		77F5EF8020249F1D00DD9194 /* XXAppContext.m in Sources */ = {isa = PBXBuildFile; fileRef = 77F5EF7F20249F1D00DD9194 /* XXAppContext.m */; };
		77F5EF842024A44D00DD9194 /* XXNetworkClient.m in Sources */ = {isa = PBXBuildFile; fileRef = 77F5EF832024A44D00DD9194 /* XXNetworkClient.m */; };
		77F5EF872024A49600DD9194 /* XXXRequest.m in Sources */ = {isa = PBXBuildFile; fileRef = 77F5EF862024A49600DD9194 /* XXXRequest.m */; };
/* End PBXBuildFile section */

/* Begin PBXFileReference section */
		770953A720D003420002FD79 /* XXXBaseRequest.h */ = {isa = PBXFileReference; lastKnownFileType = sourcecode.c.h; path = XXXBaseRequest.h; sourceTree = "<group>"; };
		770953A820D003420002FD79 /* XXXBaseRequest.m */ = {isa = PBXFileReference; lastKnownFileType = sourcecode.c.objc; path = XXXBaseRequest.m; sourceTree = "<group>"; };
		77275AE9206FCDFD001D0C4E /* BaseService.h */ = {isa = PBXFileReference; lastKnownFileType = sourcecode.c.h; path = BaseService.h; sourceTree = "<group>"; };
		77275AEA206FCDFD001D0C4E /* BaseService.m */ = {isa = PBXFileReference; lastKnownFileType = sourcecode.c.objc; path = BaseService.m; sourceTree = "<group>"; };
		772E92AA20270E93008E30F1 /* XXAPIClient.h */ = {isa = PBXFileReference; lastKnownFileType = sourcecode.c.h; path = XXAPIClient.h; sourceTree = "<group>"; };
		772E92AB20270E93008E30F1 /* XXAPIClient.m */ = {isa = PBXFileReference; lastKnownFileType = sourcecode.c.objc; path = XXAPIClient.m; sourceTree = "<group>"; };
		772E92AE202726E0008E30F1 /* ZTempViewController.h */ = {isa = PBXFileReference; lastKnownFileType = sourcecode.c.h; path = ZTempViewController.h; sourceTree = "<group>"; };
		772E92AF202726E0008E30F1 /* ZTempViewController.m */ = {isa = PBXFileReference; lastKnownFileType = sourcecode.c.objc; path = ZTempViewController.m; sourceTree = "<group>"; };
		772E92B12027313F008E30F1 /* UserService.h */ = {isa = PBXFileReference; lastKnownFileType = sourcecode.c.h; path = UserService.h; sourceTree = "<group>"; };
		772E92B22027313F008E30F1 /* UserService.m */ = {isa = PBXFileReference; lastKnownFileType = sourcecode.c.objc; path = UserService.m; sourceTree = "<group>"; };
		77456D202029E7950060B4FF /* ZBaseViewController.h */ = {isa = PBXFileReference; lastKnownFileType = sourcecode.c.h; path = ZBaseViewController.h; sourceTree = "<group>"; };
		77456D212029E7950060B4FF /* ZBaseViewController.m */ = {isa = PBXFileReference; lastKnownFileType = sourcecode.c.objc; path = ZBaseViewController.m; sourceTree = "<group>"; };
		77756BC020879D3400A5EEEE /* NSString+XXXRequest.h */ = {isa = PBXFileReference; lastKnownFileType = sourcecode.c.h; path = "NSString+XXXRequest.h"; sourceTree = "<group>"; };
		77756BC120879D3400A5EEEE /* NSString+XXXRequest.m */ = {isa = PBXFileReference; lastKnownFileType = sourcecode.c.objc; path = "NSString+XXXRequest.m"; sourceTree = "<group>"; };
		7787CFE320D80D02008CDFF7 /* XXXNetworkUtils.h */ = {isa = PBXFileReference; lastKnownFileType = sourcecode.c.h; path = XXXNetworkUtils.h; sourceTree = "<group>"; };
		7787CFE420D80D02008CDFF7 /* XXXNetworkUtils.m */ = {isa = PBXFileReference; lastKnownFileType = sourcecode.c.objc; path = XXXNetworkUtils.m; sourceTree = "<group>"; };
		77AED2F72088D17D00BE9E0B /* XXXRequestConfiguration.h */ = {isa = PBXFileReference; lastKnownFileType = sourcecode.c.h; path = XXXRequestConfiguration.h; sourceTree = "<group>"; };
		77B1F9452070C0F000F6A15E /* TestRequestObj.h */ = {isa = PBXFileReference; lastKnownFileType = sourcecode.c.h; path = TestRequestObj.h; sourceTree = "<group>"; };
		77B1F9462070C0F000F6A15E /* TestRequestObj.m */ = {isa = PBXFileReference; lastKnownFileType = sourcecode.c.objc; path = TestRequestObj.m; sourceTree = "<group>"; };
		77D8BC7E20D69CBB0063BB34 /* XXXCacheFilesManager.h */ = {isa = PBXFileReference; lastKnownFileType = sourcecode.c.h; path = XXXCacheFilesManager.h; sourceTree = "<group>"; };
		77D8BC7F20D69CBB0063BB34 /* XXXCacheFilesManager.m */ = {isa = PBXFileReference; lastKnownFileType = sourcecode.c.objc; path = XXXCacheFilesManager.m; sourceTree = "<group>"; };
		77D8BC8120D6A6EC0063BB34 /* XXXFilesUtils.h */ = {isa = PBXFileReference; lastKnownFileType = sourcecode.c.h; path = XXXFilesUtils.h; sourceTree = "<group>"; };
		77D8BC8220D6A6EC0063BB34 /* XXXFilesUtils.m */ = {isa = PBXFileReference; lastKnownFileType = sourcecode.c.objc; path = XXXFilesUtils.m; sourceTree = "<group>"; };
		77D8BC8420D6A7600063BB34 /* XXXCacheMetadata.h */ = {isa = PBXFileReference; lastKnownFileType = sourcecode.c.h; path = XXXCacheMetadata.h; sourceTree = "<group>"; };
		77D8BC8520D6A7600063BB34 /* XXXCacheMetadata.m */ = {isa = PBXFileReference; lastKnownFileType = sourcecode.c.objc; path = XXXCacheMetadata.m; sourceTree = "<group>"; };
		77DC07D32028855200F2CA09 /* configDomainDatas.plist */ = {isa = PBXFileReference; lastKnownFileType = text.plist.xml; path = configDomainDatas.plist; sourceTree = "<group>"; };
		77F5EF6420249D8800DD9194 /* NetworkModule.app */ = {isa = PBXFileReference; explicitFileType = wrapper.application; includeInIndex = 0; path = NetworkModule.app; sourceTree = BUILT_PRODUCTS_DIR; };
		77F5EF6720249D8800DD9194 /* AppDelegate.h */ = {isa = PBXFileReference; lastKnownFileType = sourcecode.c.h; path = AppDelegate.h; sourceTree = "<group>"; };
		77F5EF6820249D8800DD9194 /* AppDelegate.m */ = {isa = PBXFileReference; lastKnownFileType = sourcecode.c.objc; path = AppDelegate.m; sourceTree = "<group>"; };
		77F5EF6A20249D8800DD9194 /* ViewController.h */ = {isa = PBXFileReference; lastKnownFileType = sourcecode.c.h; path = ViewController.h; sourceTree = "<group>"; };
		77F5EF6B20249D8800DD9194 /* ViewController.m */ = {isa = PBXFileReference; lastKnownFileType = sourcecode.c.objc; path = ViewController.m; sourceTree = "<group>"; };
		77F5EF6E20249D8800DD9194 /* Base */ = {isa = PBXFileReference; lastKnownFileType = file.storyboard; name = Base; path = Base.lproj/Main.storyboard; sourceTree = "<group>"; };
		77F5EF7020249D8800DD9194 /* Assets.xcassets */ = {isa = PBXFileReference; lastKnownFileType = folder.assetcatalog; path = Assets.xcassets; sourceTree = "<group>"; };
		77F5EF7320249D8800DD9194 /* Base */ = {isa = PBXFileReference; lastKnownFileType = file.storyboard; name = Base; path = Base.lproj/LaunchScreen.storyboard; sourceTree = "<group>"; };
		77F5EF7520249D8800DD9194 /* Info.plist */ = {isa = PBXFileReference; lastKnownFileType = text.plist.xml; path = Info.plist; sourceTree = "<group>"; };
		77F5EF7620249D8800DD9194 /* main.m */ = {isa = PBXFileReference; lastKnownFileType = sourcecode.c.objc; path = main.m; sourceTree = "<group>"; };
		77F5EF7E20249F1D00DD9194 /* XXAppContext.h */ = {isa = PBXFileReference; lastKnownFileType = sourcecode.c.h; path = XXAppContext.h; sourceTree = "<group>"; };
		77F5EF7F20249F1D00DD9194 /* XXAppContext.m */ = {isa = PBXFileReference; lastKnownFileType = sourcecode.c.objc; path = XXAppContext.m; sourceTree = "<group>"; };
		77F5EF822024A44D00DD9194 /* XXNetworkClient.h */ = {isa = PBXFileReference; lastKnownFileType = sourcecode.c.h; path = XXNetworkClient.h; sourceTree = "<group>"; };
		77F5EF832024A44D00DD9194 /* XXNetworkClient.m */ = {isa = PBXFileReference; lastKnownFileType = sourcecode.c.objc; path = XXNetworkClient.m; sourceTree = "<group>"; };
		77F5EF852024A49600DD9194 /* XXXRequest.h */ = {isa = PBXFileReference; lastKnownFileType = sourcecode.c.h; path = XXXRequest.h; sourceTree = "<group>"; };
		77F5EF862024A49600DD9194 /* XXXRequest.m */ = {isa = PBXFileReference; lastKnownFileType = sourcecode.c.objc; path = XXXRequest.m; sourceTree = "<group>"; };
		83F9AF6DC77D85699BFF5872 /* libPods-NetworkModule.a */ = {isa = PBXFileReference; explicitFileType = archive.ar; includeInIndex = 0; path = "libPods-NetworkModule.a"; sourceTree = BUILT_PRODUCTS_DIR; };
		AAE1D25C8E8EB4B0C0300F1F /* Pods-NetworkModule.release.xcconfig */ = {isa = PBXFileReference; includeInIndex = 1; lastKnownFileType = text.xcconfig; name = "Pods-NetworkModule.release.xcconfig"; path = "Pods/Target Support Files/Pods-NetworkModule/Pods-NetworkModule.release.xcconfig"; sourceTree = "<group>"; };
		AC034E67A949EA79FDA0578A /* Pods-NetworkModule.debug.xcconfig */ = {isa = PBXFileReference; includeInIndex = 1; lastKnownFileType = text.xcconfig; name = "Pods-NetworkModule.debug.xcconfig"; path = "Pods/Target Support Files/Pods-NetworkModule/Pods-NetworkModule.debug.xcconfig"; sourceTree = "<group>"; };
/* End PBXFileReference section */

/* Begin PBXFrameworksBuildPhase section */
		77F5EF6120249D8800DD9194 /* Frameworks */ = {
			isa = PBXFrameworksBuildPhase;
			buildActionMask = 2147483647;
			files = (
				06F43C4B51DBAB7627C4A26D /* libPods-NetworkModule.a in Frameworks */,
			);
			runOnlyForDeploymentPostprocessing = 0;
		};
/* End PBXFrameworksBuildPhase section */

/* Begin PBXGroup section */
		087E5107C3D4775D20B5DB75 /* Frameworks */ = {
			isa = PBXGroup;
			children = (
				83F9AF6DC77D85699BFF5872 /* libPods-NetworkModule.a */,
			);
			name = Frameworks;
			sourceTree = "<group>";
		};
		772E92AD202726C2008E30F1 /* Controller */ = {
			isa = PBXGroup;
			children = (
				772E92B12027313F008E30F1 /* UserService.h */,
				772E92B22027313F008E30F1 /* UserService.m */,
				77275AE9206FCDFD001D0C4E /* BaseService.h */,
				77275AEA206FCDFD001D0C4E /* BaseService.m */,
				772E92AE202726E0008E30F1 /* ZTempViewController.h */,
				772E92AF202726E0008E30F1 /* ZTempViewController.m */,
				77456D202029E7950060B4FF /* ZBaseViewController.h */,
				77456D212029E7950060B4FF /* ZBaseViewController.m */,
				77B1F9452070C0F000F6A15E /* TestRequestObj.h */,
				77B1F9462070C0F000F6A15E /* TestRequestObj.m */,
			);
			path = Controller;
			sourceTree = "<group>";
		};
		77756BB520878BC100A5EEEE /* XXCache */ = {
			isa = PBXGroup;
			children = (
				77D8BC7E20D69CBB0063BB34 /* XXXCacheFilesManager.h */,
				77D8BC7F20D69CBB0063BB34 /* XXXCacheFilesManager.m */,
				77D8BC8120D6A6EC0063BB34 /* XXXFilesUtils.h */,
				77D8BC8220D6A6EC0063BB34 /* XXXFilesUtils.m */,
				7787CFE320D80D02008CDFF7 /* XXXNetworkUtils.h */,
				7787CFE420D80D02008CDFF7 /* XXXNetworkUtils.m */,
				77D8BC8420D6A7600063BB34 /* XXXCacheMetadata.h */,
				77D8BC8520D6A7600063BB34 /* XXXCacheMetadata.m */,
			);
			path = XXCache;
			sourceTree = "<group>";
		};
		77756BBC20879AE400A5EEEE /* Utils */ = {
			isa = PBXGroup;
			children = (
				77F5EF7E20249F1D00DD9194 /* XXAppContext.h */,
				77F5EF7F20249F1D00DD9194 /* XXAppContext.m */,
				77756BC020879D3400A5EEEE /* NSString+XXXRequest.h */,
				77756BC120879D3400A5EEEE /* NSString+XXXRequest.m */,
				77AED2F72088D17D00BE9E0B /* XXXRequestConfiguration.h */,
			);
			path = Utils;
			sourceTree = "<group>";
		};
		77DC07D22028851A00F2CA09 /* Resources */ = {
			isa = PBXGroup;
			children = (
				77DC07D32028855200F2CA09 /* configDomainDatas.plist */,
			);
			path = Resources;
			sourceTree = "<group>";
		};
		77F5EF5B20249D8800DD9194 = {
			isa = PBXGroup;
			children = (
				77F5EF6620249D8800DD9194 /* NetworkModule */,
				77F5EF6520249D8800DD9194 /* Products */,
				DC7AC91A92D3A4EBCB8330EB /* Pods */,
				087E5107C3D4775D20B5DB75 /* Frameworks */,
			);
			sourceTree = "<group>";
		};
		77F5EF6520249D8800DD9194 /* Products */ = {
			isa = PBXGroup;
			children = (
				77F5EF6420249D8800DD9194 /* NetworkModule.app */,
			);
			name = Products;
			sourceTree = "<group>";
		};
		77F5EF6620249D8800DD9194 /* NetworkModule */ = {
			isa = PBXGroup;
			children = (
				77DC07D22028851A00F2CA09 /* Resources */,
				772E92AD202726C2008E30F1 /* Controller */,
				77F5EF7D20249EF900DD9194 /* ZNetworkModule */,
				77F5EF6720249D8800DD9194 /* AppDelegate.h */,
				77F5EF6820249D8800DD9194 /* AppDelegate.m */,
				77F5EF6A20249D8800DD9194 /* ViewController.h */,
				77F5EF6B20249D8800DD9194 /* ViewController.m */,
				77F5EF6D20249D8800DD9194 /* Main.storyboard */,
				77F5EF7020249D8800DD9194 /* Assets.xcassets */,
				77F5EF7220249D8800DD9194 /* LaunchScreen.storyboard */,
				77F5EF7520249D8800DD9194 /* Info.plist */,
				77F5EF7620249D8800DD9194 /* main.m */,
			);
			path = NetworkModule;
			sourceTree = "<group>";
		};
		77F5EF7D20249EF900DD9194 /* ZNetworkModule */ = {
			isa = PBXGroup;
			children = (
				77756BB520878BC100A5EEEE /* XXCache */,
				77756BBC20879AE400A5EEEE /* Utils */,
				77F5EF812024A41000DD9194 /* Network */,
			);
			path = ZNetworkModule;
			sourceTree = "<group>";
		};
		77F5EF812024A41000DD9194 /* Network */ = {
			isa = PBXGroup;
			children = (
				77F5EF852024A49600DD9194 /* XXXRequest.h */,
				77F5EF862024A49600DD9194 /* XXXRequest.m */,
				770953A720D003420002FD79 /* XXXBaseRequest.h */,
				770953A820D003420002FD79 /* XXXBaseRequest.m */,
				772E92AA20270E93008E30F1 /* XXAPIClient.h */,
				772E92AB20270E93008E30F1 /* XXAPIClient.m */,
				77F5EF822024A44D00DD9194 /* XXNetworkClient.h */,
				77F5EF832024A44D00DD9194 /* XXNetworkClient.m */,
			);
			path = Network;
			sourceTree = "<group>";
		};
		DC7AC91A92D3A4EBCB8330EB /* Pods */ = {
			isa = PBXGroup;
			children = (
				AC034E67A949EA79FDA0578A /* Pods-NetworkModule.debug.xcconfig */,
				AAE1D25C8E8EB4B0C0300F1F /* Pods-NetworkModule.release.xcconfig */,
			);
			name = Pods;
			sourceTree = "<group>";
		};
/* End PBXGroup section */

/* Begin PBXNativeTarget section */
		77F5EF6320249D8800DD9194 /* NetworkModule */ = {
			isa = PBXNativeTarget;
			buildConfigurationList = 77F5EF7A20249D8800DD9194 /* Build configuration list for PBXNativeTarget "NetworkModule" */;
			buildPhases = (
				0AD83544F3CBB164C30D89DA /* [CP] Check Pods Manifest.lock */,
				77F5EF6020249D8800DD9194 /* Sources */,
				77F5EF6120249D8800DD9194 /* Frameworks */,
				77F5EF6220249D8800DD9194 /* Resources */,
				4AE32744172BD3B274603C06 /* [CP] Embed Pods Frameworks */,
				54B21061E403C79FB927E5C6 /* [CP] Copy Pods Resources */,
			);
			buildRules = (
			);
			dependencies = (
			);
			name = NetworkModule;
			productName = NetworkModule;
			productReference = 77F5EF6420249D8800DD9194 /* NetworkModule.app */;
			productType = "com.apple.product-type.application";
		};
/* End PBXNativeTarget section */

/* Begin PBXProject section */
		77F5EF5C20249D8800DD9194 /* Project object */ = {
			isa = PBXProject;
			attributes = {
				LastUpgradeCheck = 0920;
				ORGANIZATIONNAME = "张国忠";
				TargetAttributes = {
					77F5EF6320249D8800DD9194 = {
						CreatedOnToolsVersion = 9.2;
						ProvisioningStyle = Automatic;
					};
				};
			};
			buildConfigurationList = 77F5EF5F20249D8800DD9194 /* Build configuration list for PBXProject "NetworkModule" */;
			compatibilityVersion = "Xcode 8.0";
			developmentRegion = en;
			hasScannedForEncodings = 0;
			knownRegions = (
				en,
				Base,
			);
			mainGroup = 77F5EF5B20249D8800DD9194;
			productRefGroup = 77F5EF6520249D8800DD9194 /* Products */;
			projectDirPath = "";
			projectRoot = "";
			targets = (
				77F5EF6320249D8800DD9194 /* NetworkModule */,
			);
		};
/* End PBXProject section */

/* Begin PBXResourcesBuildPhase section */
		77F5EF6220249D8800DD9194 /* Resources */ = {
			isa = PBXResourcesBuildPhase;
			buildActionMask = 2147483647;
			files = (
				77DC07D42028855200F2CA09 /* configDomainDatas.plist in Resources */,
				77F5EF7420249D8800DD9194 /* LaunchScreen.storyboard in Resources */,
				77F5EF7120249D8800DD9194 /* Assets.xcassets in Resources */,
				77F5EF6F20249D8800DD9194 /* Main.storyboard in Resources */,
			);
			runOnlyForDeploymentPostprocessing = 0;
		};
/* End PBXResourcesBuildPhase section */

/* Begin PBXShellScriptBuildPhase section */
		0AD83544F3CBB164C30D89DA /* [CP] Check Pods Manifest.lock */ = {
			isa = PBXShellScriptBuildPhase;
			buildActionMask = 2147483647;
			files = (
			);
			inputPaths = (
				"${PODS_PODFILE_DIR_PATH}/Podfile.lock",
				"${PODS_ROOT}/Manifest.lock",
			);
			name = "[CP] Check Pods Manifest.lock";
			outputPaths = (
				"$(DERIVED_FILE_DIR)/Pods-NetworkModule-checkManifestLockResult.txt",
			);
			runOnlyForDeploymentPostprocessing = 0;
			shellPath = /bin/sh;
			shellScript = "diff \"${PODS_PODFILE_DIR_PATH}/Podfile.lock\" \"${PODS_ROOT}/Manifest.lock\" > /dev/null\nif [ $? != 0 ] ; then\n    # print error to STDERR\n    echo \"error: The sandbox is not in sync with the Podfile.lock. Run 'pod install' or update your CocoaPods installation.\" >&2\n    exit 1\nfi\n# This output is used by Xcode 'outputs' to avoid re-running this script phase.\necho \"SUCCESS\" > \"${SCRIPT_OUTPUT_FILE_0}\"\n";
			showEnvVarsInLog = 0;
		};
		4AE32744172BD3B274603C06 /* [CP] Embed Pods Frameworks */ = {
			isa = PBXShellScriptBuildPhase;
			buildActionMask = 2147483647;
			files = (
			);
			inputPaths = (
			);
			name = "[CP] Embed Pods Frameworks";
			outputPaths = (
			);
			runOnlyForDeploymentPostprocessing = 0;
			shellPath = /bin/sh;
			shellScript = "\"${SRCROOT}/Pods/Target Support Files/Pods-NetworkModule/Pods-NetworkModule-frameworks.sh\"\n";
			showEnvVarsInLog = 0;
		};
		54B21061E403C79FB927E5C6 /* [CP] Copy Pods Resources */ = {
			isa = PBXShellScriptBuildPhase;
			buildActionMask = 2147483647;
			files = (
			);
			inputPaths = (
			);
			name = "[CP] Copy Pods Resources";
			outputPaths = (
			);
			runOnlyForDeploymentPostprocessing = 0;
			shellPath = /bin/sh;
			shellScript = "\"${SRCROOT}/Pods/Target Support Files/Pods-NetworkModule/Pods-NetworkModule-resources.sh\"\n";
			showEnvVarsInLog = 0;
		};
/* End PBXShellScriptBuildPhase section */

/* Begin PBXSourcesBuildPhase section */
		77F5EF6020249D8800DD9194 /* Sources */ = {
			isa = PBXSourcesBuildPhase;
			buildActionMask = 2147483647;
			files = (
				77756BC220879D3400A5EEEE /* NSString+XXXRequest.m in Sources */,
				77D8BC8320D6A6EC0063BB34 /* XXXFilesUtils.m in Sources */,
				77F5EF6C20249D8800DD9194 /* ViewController.m in Sources */,
				77F5EF7720249D8800DD9194 /* main.m in Sources */,
				77275AEB206FCDFD001D0C4E /* BaseService.m in Sources */,
				77456D222029E7950060B4FF /* ZBaseViewController.m in Sources */,
				77F5EF8020249F1D00DD9194 /* XXAppContext.m in Sources */,
				770953A920D003420002FD79 /* XXXBaseRequest.m in Sources */,
				77F5EF6920249D8800DD9194 /* AppDelegate.m in Sources */,
				7787CFE520D80D02008CDFF7 /* XXXNetworkUtils.m in Sources */,
				772E92AC20270E93008E30F1 /* XXAPIClient.m in Sources */,
				77B1F9472070C0F000F6A15E /* TestRequestObj.m in Sources */,
				77D8BC8620D6A7600063BB34 /* XXXCacheMetadata.m in Sources */,
				77F5EF842024A44D00DD9194 /* XXNetworkClient.m in Sources */,
				77F5EF872024A49600DD9194 /* XXXRequest.m in Sources */,
				77D8BC8020D69CBB0063BB34 /* XXXCacheFilesManager.m in Sources */,
				772E92B32027313F008E30F1 /* UserService.m in Sources */,
				772E92B0202726E0008E30F1 /* ZTempViewController.m in Sources */,
			);
			runOnlyForDeploymentPostprocessing = 0;
		};
/* End PBXSourcesBuildPhase section */

/* Begin PBXVariantGroup section */
		77F5EF6D20249D8800DD9194 /* Main.storyboard */ = {
			isa = PBXVariantGroup;
			children = (
				77F5EF6E20249D8800DD9194 /* Base */,
			);
			name = Main.storyboard;
			sourceTree = "<group>";
		};
		77F5EF7220249D8800DD9194 /* LaunchScreen.storyboard */ = {
			isa = PBXVariantGroup;
			children = (
				77F5EF7320249D8800DD9194 /* Base */,
			);
			name = LaunchScreen.storyboard;
			sourceTree = "<group>";
		};
/* End PBXVariantGroup section */

/* Begin XCBuildConfiguration section */
		77F5EF7820249D8800DD9194 /* Debug */ = {
			isa = XCBuildConfiguration;
			buildSettings = {
				ALWAYS_SEARCH_USER_PATHS = NO;
				CLANG_ANALYZER_NONNULL = YES;
				CLANG_ANALYZER_NUMBER_OBJECT_CONVERSION = YES_AGGRESSIVE;
				CLANG_CXX_LANGUAGE_STANDARD = "gnu++14";
				CLANG_CXX_LIBRARY = "libc++";
				CLANG_ENABLE_MODULES = YES;
				CLANG_ENABLE_OBJC_ARC = YES;
				CLANG_WARN_BLOCK_CAPTURE_AUTORELEASING = YES;
				CLANG_WARN_BOOL_CONVERSION = YES;
				CLANG_WARN_COMMA = YES;
				CLANG_WARN_CONSTANT_CONVERSION = YES;
				CLANG_WARN_DIRECT_OBJC_ISA_USAGE = YES_ERROR;
				CLANG_WARN_DOCUMENTATION_COMMENTS = YES;
				CLANG_WARN_EMPTY_BODY = YES;
				CLANG_WARN_ENUM_CONVERSION = YES;
				CLANG_WARN_INFINITE_RECURSION = YES;
				CLANG_WARN_INT_CONVERSION = YES;
				CLANG_WARN_NON_LITERAL_NULL_CONVERSION = YES;
				CLANG_WARN_OBJC_LITERAL_CONVERSION = YES;
				CLANG_WARN_OBJC_ROOT_CLASS = YES_ERROR;
				CLANG_WARN_RANGE_LOOP_ANALYSIS = YES;
				CLANG_WARN_STRICT_PROTOTYPES = YES;
				CLANG_WARN_SUSPICIOUS_MOVE = YES;
				CLANG_WARN_UNGUARDED_AVAILABILITY = YES_AGGRESSIVE;
				CLANG_WARN_UNREACHABLE_CODE = YES;
				CLANG_WARN__DUPLICATE_METHOD_MATCH = YES;
				CODE_SIGN_IDENTITY = "iPhone Developer";
				COPY_PHASE_STRIP = NO;
				DEBUG_INFORMATION_FORMAT = dwarf;
				ENABLE_STRICT_OBJC_MSGSEND = YES;
				ENABLE_TESTABILITY = YES;
				GCC_C_LANGUAGE_STANDARD = gnu11;
				GCC_DYNAMIC_NO_PIC = NO;
				GCC_NO_COMMON_BLOCKS = YES;
				GCC_OPTIMIZATION_LEVEL = 0;
				GCC_PREPROCESSOR_DEFINITIONS = (
					"DEBUG=1",
					"$(inherited)",
				);
				GCC_WARN_64_TO_32_BIT_CONVERSION = YES;
				GCC_WARN_ABOUT_RETURN_TYPE = YES_ERROR;
				GCC_WARN_UNDECLARED_SELECTOR = YES;
				GCC_WARN_UNINITIALIZED_AUTOS = YES_AGGRESSIVE;
				GCC_WARN_UNUSED_FUNCTION = YES;
				GCC_WARN_UNUSED_VARIABLE = YES;
				IPHONEOS_DEPLOYMENT_TARGET = 11.2;
				MTL_ENABLE_DEBUG_INFO = YES;
				ONLY_ACTIVE_ARCH = YES;
				SDKROOT = iphoneos;
			};
			name = Debug;
		};
		77F5EF7920249D8800DD9194 /* Release */ = {
			isa = XCBuildConfiguration;
			buildSettings = {
				ALWAYS_SEARCH_USER_PATHS = NO;
				CLANG_ANALYZER_NONNULL = YES;
				CLANG_ANALYZER_NUMBER_OBJECT_CONVERSION = YES_AGGRESSIVE;
				CLANG_CXX_LANGUAGE_STANDARD = "gnu++14";
				CLANG_CXX_LIBRARY = "libc++";
				CLANG_ENABLE_MODULES = YES;
				CLANG_ENABLE_OBJC_ARC = YES;
				CLANG_WARN_BLOCK_CAPTURE_AUTORELEASING = YES;
				CLANG_WARN_BOOL_CONVERSION = YES;
				CLANG_WARN_COMMA = YES;
				CLANG_WARN_CONSTANT_CONVERSION = YES;
				CLANG_WARN_DIRECT_OBJC_ISA_USAGE = YES_ERROR;
				CLANG_WARN_DOCUMENTATION_COMMENTS = YES;
				CLANG_WARN_EMPTY_BODY = YES;
				CLANG_WARN_ENUM_CONVERSION = YES;
				CLANG_WARN_INFINITE_RECURSION = YES;
				CLANG_WARN_INT_CONVERSION = YES;
				CLANG_WARN_NON_LITERAL_NULL_CONVERSION = YES;
				CLANG_WARN_OBJC_LITERAL_CONVERSION = YES;
				CLANG_WARN_OBJC_ROOT_CLASS = YES_ERROR;
				CLANG_WARN_RANGE_LOOP_ANALYSIS = YES;
				CLANG_WARN_STRICT_PROTOTYPES = YES;
				CLANG_WARN_SUSPICIOUS_MOVE = YES;
				CLANG_WARN_UNGUARDED_AVAILABILITY = YES_AGGRESSIVE;
				CLANG_WARN_UNREACHABLE_CODE = YES;
				CLANG_WARN__DUPLICATE_METHOD_MATCH = YES;
				CODE_SIGN_IDENTITY = "iPhone Developer";
				COPY_PHASE_STRIP = NO;
				DEBUG_INFORMATION_FORMAT = "dwarf-with-dsym";
				ENABLE_NS_ASSERTIONS = NO;
				ENABLE_STRICT_OBJC_MSGSEND = YES;
				GCC_C_LANGUAGE_STANDARD = gnu11;
				GCC_NO_COMMON_BLOCKS = YES;
				GCC_WARN_64_TO_32_BIT_CONVERSION = YES;
				GCC_WARN_ABOUT_RETURN_TYPE = YES_ERROR;
				GCC_WARN_UNDECLARED_SELECTOR = YES;
				GCC_WARN_UNINITIALIZED_AUTOS = YES_AGGRESSIVE;
				GCC_WARN_UNUSED_FUNCTION = YES;
				GCC_WARN_UNUSED_VARIABLE = YES;
				IPHONEOS_DEPLOYMENT_TARGET = 11.2;
				MTL_ENABLE_DEBUG_INFO = NO;
				SDKROOT = iphoneos;
				VALIDATE_PRODUCT = YES;
			};
			name = Release;
		};
		77F5EF7B20249D8800DD9194 /* Debug */ = {
			isa = XCBuildConfiguration;
			baseConfigurationReference = AC034E67A949EA79FDA0578A /* Pods-NetworkModule.debug.xcconfig */;
			buildSettings = {
				ASSETCATALOG_COMPILER_APPICON_NAME = AppIcon;
				CODE_SIGN_STYLE = Automatic;
				DEVELOPMENT_TEAM = 9V3T8NLWMK;
				INFOPLIST_FILE = NetworkModule/Info.plist;
				LD_RUNPATH_SEARCH_PATHS = "$(inherited) @executable_path/Frameworks";
				PRODUCT_BUNDLE_IDENTIFIER = com.zhangsan.NetworkModule;
				PRODUCT_NAME = "$(TARGET_NAME)";
				TARGETED_DEVICE_FAMILY = 1;
			};
			name = Debug;
		};
		77F5EF7C20249D8800DD9194 /* Release */ = {
			isa = XCBuildConfiguration;
			baseConfigurationReference = AAE1D25C8E8EB4B0C0300F1F /* Pods-NetworkModule.release.xcconfig */;
			buildSettings = {
				ASSETCATALOG_COMPILER_APPICON_NAME = AppIcon;
				CODE_SIGN_STYLE = Automatic;
				DEVELOPMENT_TEAM = 9V3T8NLWMK;
				INFOPLIST_FILE = NetworkModule/Info.plist;
				LD_RUNPATH_SEARCH_PATHS = "$(inherited) @executable_path/Frameworks";
				PRODUCT_BUNDLE_IDENTIFIER = com.zhangsan.NetworkModule;
				PRODUCT_NAME = "$(TARGET_NAME)";
				TARGETED_DEVICE_FAMILY = 1;
			};
			name = Release;
		};
/* End XCBuildConfiguration section */

/* Begin XCConfigurationList section */
		77F5EF5F20249D8800DD9194 /* Build configuration list for PBXProject "NetworkModule" */ = {
			isa = XCConfigurationList;
			buildConfigurations = (
				77F5EF7820249D8800DD9194 /* Debug */,
				77F5EF7920249D8800DD9194 /* Release */,
			);
			defaultConfigurationIsVisible = 0;
			defaultConfigurationName = Release;
		};
		77F5EF7A20249D8800DD9194 /* Build configuration list for PBXNativeTarget "NetworkModule" */ = {
			isa = XCConfigurationList;
			buildConfigurations = (
				77F5EF7B20249D8800DD9194 /* Debug */,
				77F5EF7C20249D8800DD9194 /* Release */,
			);
			defaultConfigurationIsVisible = 0;
			defaultConfigurationName = Release;
		};
/* End XCConfigurationList section */
	};
	rootObject = 77F5EF5C20249D8800DD9194 /* Project object */;
}
